github.com/alexedwards/scs/v2 v2.8.0 h1:h31yUYoycPuL0zt14c0gd+oqxfRwIj6SOjHdKRZxhEw=
github.com/alexedwards/scs/v2 v2.8.0/go.mod h1:ToaROZxyKukJKT/xLcVQAChi5k6+Pn1Gvmdl7h3RRj8=
github.com/alexedwards/scs/v2 v2.9.0 h1:xa05mVpwTBm1iLeTMNFfAWpKUm4fXAW7CeAViqBVS90=
github.com/alexedwards/scs/v2 v2.9.0/go.mod h1:ToaROZxyKukJKT/xLcVQAChi5k6+Pn1Gvmdl7h3RRj8=
github.com/go-chi/chi v1.5.5 h1:vOB/HbEMt9QqBqErz07QehcOKHaWFtuj87tTDVz2qXE=
github.com/go-chi/chi v1.5.5/go.mod h1:C9JqLr3tIYjDOZpzn+BCuxY8z8vmca43EeMgyZt7irw=
github.com/justinas/nosurf v1.1.1 h1:92Aw44hjSK4MxJeMSyDa7jwuI9GR2J/JCQiaKvXXSlk=
github.com/justinas/nosurf v1.1.1/go.mod h1:ALpWdSbuNGy2lZWtyXdjkYv4edL23oSEgfBT1gPJ5BQ=
github.com/alexedwards/scs/redisstore v0.0.0-20250417082927-ab20b3feb5e9 h1:dZ98pKe7etJ6ZXMxzICDvxf/Ehs5HIXqTaaJ2GAJYpc=
github.com/alexedwards/scs/redisstore v0.0.0-20250417082927-ab20b3feb5e9/go.mod h1:ceKFatoD+hfHWWeHOAYue1J+XgOJjE7dw8l3JtIRTGY=
github.com/go-redis/redis/v8 v8.11.5 h1:AcZZR7igkdvfVmQTPnu9WE37LRrO/YrBH5zWyjDC0oI=
github.com/go-redis/redis/v8 v8.11.5/go.mod h1:gREzHqY1hg6oD9ngVRbLStwAWKhA0FEgq8Jd4h5lpwo=
github.com/gomodule/redigo v1.8.0 h1:OXfLQ/k8XpYF8f8sZKd2Df4SDyzbLeC35OsBsB11rYg=
github.com/gomodule/redigo v1.8.0/go.mod h1:P9dn9mFrCBvWhGE1wpxx6fgq7BAeLBk+UUUzlpkBYO0=
github.com/gomodule/redigo v1.9.2 h1:HrutZBLhSIU8abiSfW8pj8mPhOyMYjZT/wcA4/L9L9s=
github.com/gomodule/redigo v1.9.2/go.mod h1:KsU3hiK/Ay8U42qpaJk+kuNa3C+spxapWpM+ywhcgtw=